
Microsoft Visual Studio Solution File, Format Version 12.00
# Visual Studio Version 16
VisualStudioVersion = 16.0.31702.278
MinimumVisualStudioVersion = 10.0.40219.1
Project("{2150E333-8FDC-42A3-9474-1A3956D46DE8}") = "Common", "Common", "{0FC470EB-D019-4B3E-ADE4-B07CD7726F88}"
EndProject
Project("{2150E333-8FDC-42A3-9474-1A3956D46DE8}") = "Services", "Services", "{D1159138-D4FC-4A14-9961-5AC731650F15}"
EndProject
Project("{2150E333-8FDC-42A3-9474-1A3956D46DE8}") = "UI", "UI", "{83DE90F0-E0AC-4FF3-9C0F-A2EA0D5059E7}"
EndProject
Project("{9A19103F-16F7-4668-BE54-9A1E7A4F7556}") = "WebStore.Domain", "Common\WebStore.Domain\WebStore.Domain.csproj", "{8B158410-5725-46DF-8EE1-656F2D713F02}"
EndProject
Project("{2150E333-8FDC-42A3-9474-1A3956D46DE8}") = "Data", "Data", "{990C83B3-74C3-42BF-B7E0-3CBB7D32A6A8}"
EndProject
Project("{9A19103F-16F7-4668-BE54-9A1E7A4F7556}") = "WebStore.DAL", "Data\WebStore.DAL\WebStore.DAL.csproj", "{99D3EE4A-9AB7-4104-BED2-2057EC4EE9A8}"
EndProject
Project("{9A19103F-16F7-4668-BE54-9A1E7A4F7556}") = "WebStore.DAL.Sqlite", "Data\WebStore.DAL.Sqlite\WebStore.DAL.Sqlite.csproj", "{5C4D009D-6100-4FB7-8A0C-EC64828AC7CA}"
EndProject
Project("{9A19103F-16F7-4668-BE54-9A1E7A4F7556}") = "WebStore", "UI\WebStore\WebStore.csproj", "{5101DEB7-3E17-4683-BDBE-C86534FC3240}"
EndProject
Project("{9A19103F-16F7-4668-BE54-9A1E7A4F7556}") = "WebStore.Interfaces", "Services\WebStore.Interfaces\WebStore.Interfaces.csproj", "{1F5B6C75-9C33-4DE3-8F55-EA01592E7A8D}"
EndProject
Project("{9A19103F-16F7-4668-BE54-9A1E7A4F7556}") = "WebStore.Services", "Services\WebStore.Services\WebStore.Services.csproj", "{FBB686EC-A600-45CA-B494-6C3B462C61A1}"
EndProject
Project("{9A19103F-16F7-4668-BE54-9A1E7A4F7556}") = "WebStore.WebAPI", "Services\WebStore.WebAPI\WebStore.WebAPI.csproj", "{E294C104-4E21-46F4-B13B-6D781B460B53}"
EndProject
Project("{9A19103F-16F7-4668-BE54-9A1E7A4F7556}") = "WebStore.WebAPI.Clients", "Services\WebStore.WebAPI.Clients\WebStore.WebAPI.Clients.csproj", "{793DAA44-AE90-41C9-9064-65620819DFC5}"
EndProject
Project("{2150E333-8FDC-42A3-9474-1A3956D46DE8}") = "Tests", "Tests", "{07B14E33-A944-4142-9686-5EF1F325CFBC}"
EndProject
Project("{FAE04EC0-301F-11D3-BF4B-00C04F79EFBC}") = "WebStore.Logger", "Common\WebStore.Logger\WebStore.Logger.csproj", "{3574D03C-CFF2-4E40-9261-24D04E555BF6}"
EndProject
Global
	GlobalSection(SolutionConfigurationPlatforms) = preSolution
		Debug|Any CPU = Debug|Any CPU
		Release|Any CPU = Release|Any CPU
	EndGlobalSection
	GlobalSection(ProjectConfigurationPlatforms) = postSolution
		{8B158410-5725-46DF-8EE1-656F2D713F02}.Debug|Any CPU.ActiveCfg = Debug|Any CPU
		{8B158410-5725-46DF-8EE1-656F2D713F02}.Debug|Any CPU.Build.0 = Debug|Any CPU
		{8B158410-5725-46DF-8EE1-656F2D713F02}.Release|Any CPU.ActiveCfg = Release|Any CPU
		{8B158410-5725-46DF-8EE1-656F2D713F02}.Release|Any CPU.Build.0 = Release|Any CPU
		{99D3EE4A-9AB7-4104-BED2-2057EC4EE9A8}.Debug|Any CPU.ActiveCfg = Debug|Any CPU
		{99D3EE4A-9AB7-4104-BED2-2057EC4EE9A8}.Debug|Any CPU.Build.0 = Debug|Any CPU
		{99D3EE4A-9AB7-4104-BED2-2057EC4EE9A8}.Release|Any CPU.ActiveCfg = Release|Any CPU
		{99D3EE4A-9AB7-4104-BED2-2057EC4EE9A8}.Release|Any CPU.Build.0 = Release|Any CPU
		{5C4D009D-6100-4FB7-8A0C-EC64828AC7CA}.Debug|Any CPU.ActiveCfg = Debug|Any CPU
		{5C4D009D-6100-4FB7-8A0C-EC64828AC7CA}.Debug|Any CPU.Build.0 = Debug|Any CPU
		{5C4D009D-6100-4FB7-8A0C-EC64828AC7CA}.Release|Any CPU.ActiveCfg = Release|Any CPU
		{5C4D009D-6100-4FB7-8A0C-EC64828AC7CA}.Release|Any CPU.Build.0 = Release|Any CPU
		{5101DEB7-3E17-4683-BDBE-C86534FC3240}.Debug|Any CPU.ActiveCfg = Debug|Any CPU
		{5101DEB7-3E17-4683-BDBE-C86534FC3240}.Debug|Any CPU.Build.0 = Debug|Any CPU
		{5101DEB7-3E17-4683-BDBE-C86534FC3240}.Release|Any CPU.ActiveCfg = Release|Any CPU
		{5101DEB7-3E17-4683-BDBE-C86534FC3240}.Release|Any CPU.Build.0 = Release|Any CPU
		{1F5B6C75-9C33-4DE3-8F55-EA01592E7A8D}.Debug|Any CPU.ActiveCfg = Debug|Any CPU
		{1F5B6C75-9C33-4DE3-8F55-EA01592E7A8D}.Debug|Any CPU.Build.0 = Debug|Any CPU
		{1F5B6C75-9C33-4DE3-8F55-EA01592E7A8D}.Release|Any CPU.ActiveCfg = Release|Any CPU
		{1F5B6C75-9C33-4DE3-8F55-EA01592E7A8D}.Release|Any CPU.Build.0 = Release|Any CPU
		{FBB686EC-A600-45CA-B494-6C3B462C61A1}.Debug|Any CPU.ActiveCfg = Debug|Any CPU
		{FBB686EC-A600-45CA-B494-6C3B462C61A1}.Debug|Any CPU.Build.0 = Debug|Any CPU
		{FBB686EC-A600-45CA-B494-6C3B462C61A1}.Release|Any CPU.ActiveCfg = Release|Any CPU
		{FBB686EC-A600-45CA-B494-6C3B462C61A1}.Release|Any CPU.Build.0 = Release|Any CPU
		{E294C104-4E21-46F4-B13B-6D781B460B53}.Debug|Any CPU.ActiveCfg = Debug|Any CPU
		{E294C104-4E21-46F4-B13B-6D781B460B53}.Debug|Any CPU.Build.0 = Debug|Any CPU
		{E294C104-4E21-46F4-B13B-6D781B460B53}.Release|Any CPU.ActiveCfg = Release|Any CPU
		{E294C104-4E21-46F4-B13B-6D781B460B53}.Release|Any CPU.Build.0 = Release|Any CPU
		{793DAA44-AE90-41C9-9064-65620819DFC5}.Debug|Any CPU.ActiveCfg = Debug|Any CPU
		{793DAA44-AE90-41C9-9064-65620819DFC5}.Debug|Any CPU.Build.0 = Debug|Any CPU
		{793DAA44-AE90-41C9-9064-65620819DFC5}.Release|Any CPU.ActiveCfg = Release|Any CPU
		{793DAA44-AE90-41C9-9064-65620819DFC5}.Release|Any CPU.Build.0 = Release|Any CPU
		{3574D03C-CFF2-4E40-9261-24D04E555BF6}.Debug|Any CPU.ActiveCfg = Debug|Any CPU
		{3574D03C-CFF2-4E40-9261-24D04E555BF6}.Debug|Any CPU.Build.0 = Debug|Any CPU
		{3574D03C-CFF2-4E40-9261-24D04E555BF6}.Release|Any CPU.ActiveCfg = Release|Any CPU
		{3574D03C-CFF2-4E40-9261-24D04E555BF6}.Release|Any CPU.Build.0 = Release|Any CPU
	EndGlobalSection
	GlobalSection(SolutionProperties) = preSolution
		HideSolutionNode = FALSE
	EndGlobalSection
	GlobalSection(NestedProjects) = preSolution
		{8B158410-5725-46DF-8EE1-656F2D713F02} = {0FC470EB-D019-4B3E-ADE4-B07CD7726F88}
		{99D3EE4A-9AB7-4104-BED2-2057EC4EE9A8} = {990C83B3-74C3-42BF-B7E0-3CBB7D32A6A8}
		{5C4D009D-6100-4FB7-8A0C-EC64828AC7CA} = {990C83B3-74C3-42BF-B7E0-3CBB7D32A6A8}
		{5101DEB7-3E17-4683-BDBE-C86534FC3240} = {83DE90F0-E0AC-4FF3-9C0F-A2EA0D5059E7}
		{1F5B6C75-9C33-4DE3-8F55-EA01592E7A8D} = {D1159138-D4FC-4A14-9961-5AC731650F15}
		{FBB686EC-A600-45CA-B494-6C3B462C61A1} = {D1159138-D4FC-4A14-9961-5AC731650F15}
		{E294C104-4E21-46F4-B13B-6D781B460B53} = {D1159138-D4FC-4A14-9961-5AC731650F15}
		{793DAA44-AE90-41C9-9064-65620819DFC5} = {D1159138-D4FC-4A14-9961-5AC731650F15}
		{3574D03C-CFF2-4E40-9261-24D04E555BF6} = {0FC470EB-D019-4B3E-ADE4-B07CD7726F88}
	EndGlobalSection
	GlobalSection(ExtensibilityGlobals) = postSolution
		SolutionGuid = {4DB1F3A5-4E91-451B-A805-6BDF973B75AB}
	EndGlobalSection
EndGlobal
